// !$*UTF8*$!
{
	archiveVersion = 1;
	classes = {
	};
	objectVersion = 46;
	objects = {

/* Begin PBXBuildFile section */
		34595CC81657742D00CA62E2 /* Cocoa.framework in Frameworks */ = {isa = PBXBuildFile; fileRef = 34595CC71657742D00CA62E2 /* Cocoa.framework */; };
		34595CD21657742D00CA62E2 /* InfoPlist.strings in Resources */ = {isa = PBXBuildFile; fileRef = 34595CD01657742D00CA62E2 /* InfoPlist.strings */; };
		34595CD41657742D00CA62E2 /* main.m in Sources */ = {isa = PBXBuildFile; fileRef = 34595CD31657742D00CA62E2 /* main.m */; };
		34595CD81657742D00CA62E2 /* Credits.rtf in Resources */ = {isa = PBXBuildFile; fileRef = 34595CD61657742D00CA62E2 /* Credits.rtf */; };
		34595CDB1657742D00CA62E2 /* AppDelegate.m in Sources */ = {isa = PBXBuildFile; fileRef = 34595CDA1657742D00CA62E2 /* AppDelegate.m */; };
		34595CDE1657742D00CA62E2 /* MainMenu.xib in Resources */ = {isa = PBXBuildFile; fileRef = 34595CDC1657742D00CA62E2 /* MainMenu.xib */; };
/* End PBXBuildFile section */

/* Begin PBXFileReference section */
		34595CC31657742D00CA62E2 /* Relaunch.app */ = {isa = PBXFileReference; explicitFileType = wrapper.application; includeInIndex = 0; path = Relaunch.app; sourceTree = BUILT_PRODUCTS_DIR; };
		34595CC71657742D00CA62E2 /* Cocoa.framework */ = {isa = PBXFileReference; lastKnownFileType = wrapper.framework; name = Cocoa.framework; path = System/Library/Frameworks/Cocoa.framework; sourceTree = SDKROOT; };
		34595CCA1657742D00CA62E2 /* AppKit.framework */ = {isa = PBXFileReference; lastKnownFileType = wrapper.framework; name = AppKit.framework; path = System/Library/Frameworks/AppKit.framework; sourceTree = SDKROOT; };
		34595CCB1657742D00CA62E2 /* CoreData.framework */ = {isa = PBXFileReference; lastKnownFileType = wrapper.framework; name = CoreData.framework; path = System/Library/Frameworks/CoreData.framework; sourceTree = SDKROOT; };
		34595CCC1657742D00CA62E2 /* Foundation.framework */ = {isa = PBXFileReference; lastKnownFileType = wrapper.framework; name = Foundation.framework; path = System/Library/Frameworks/Foundation.framework; sourceTree = SDKROOT; };
		34595CCF1657742D00CA62E2 /* Relaunch-Info.plist */ = {isa = PBXFileReference; lastKnownFileType = text.plist.xml; path = "Relaunch-Info.plist"; sourceTree = "<group>"; };
		34595CD11657742D00CA62E2 /* en */ = {isa = PBXFileReference; lastKnownFileType = text.plist.strings; name = en; path = en.lproj/InfoPlist.strings; sourceTree = "<group>"; };
		34595CD31657742D00CA62E2 /* main.m */ = {isa = PBXFileReference; lastKnownFileType = sourcecode.c.objc; path = main.m; sourceTree = "<group>"; };
		34595CD51657742D00CA62E2 /* Relaunch-Prefix.pch */ = {isa = PBXFileReference; lastKnownFileType = sourcecode.c.h; path = "Relaunch-Prefix.pch"; sourceTree = "<group>"; };
		34595CD71657742D00CA62E2 /* en */ = {isa = PBXFileReference; lastKnownFileType = text.rtf; name = en; path = en.lproj/Credits.rtf; sourceTree = "<group>"; };
		34595CD91657742D00CA62E2 /* AppDelegate.h */ = {isa = PBXFileReference; lastKnownFileType = sourcecode.c.h; path = AppDelegate.h; sourceTree = "<group>"; };
		34595CDA1657742D00CA62E2 /* AppDelegate.m */ = {isa = PBXFileReference; lastKnownFileType = sourcecode.c.objc; path = AppDelegate.m; sourceTree = "<group>"; };
		34595CDD1657742D00CA62E2 /* en */ = {isa = PBXFileReference; lastKnownFileType = file.xib; name = en; path = en.lproj/MainMenu.xib; sourceTree = "<group>"; };
/* End PBXFileReference section */

/* Begin PBXFrameworksBuildPhase section */
		34595CC01657742D00CA62E2 /* Frameworks */ = {
			isa = PBXFrameworksBuildPhase;
			buildActionMask = 2147483647;
			files = (
				34595CC81657742D00CA62E2 /* Cocoa.framework in Frameworks */,
			);
			runOnlyForDeploymentPostprocessing = 0;
		};
/* End PBXFrameworksBuildPhase section */

/* Begin PBXGroup section */
		34595CB81657742D00CA62E2 = {
			isa = PBXGroup;
			children = (
				34595CCD1657742D00CA62E2 /* Relaunch */,
				34595CC61657742D00CA62E2 /* Frameworks */,
				34595CC41657742D00CA62E2 /* Products */,
			);
			sourceTree = "<group>";
		};
		34595CC41657742D00CA62E2 /* Products */ = {
			isa = PBXGroup;
			children = (
				34595CC31657742D00CA62E2 /* Relaunch.app */,
			);
			name = Products;
			sourceTree = "<group>";
		};
		34595CC61657742D00CA62E2 /* Frameworks */ = {
			isa = PBXGroup;
			children = (
				34595CC71657742D00CA62E2 /* Cocoa.framework */,
				34595CC91657742D00CA62E2 /* Other Frameworks */,
			);
			name = Frameworks;
			sourceTree = "<group>";
		};
		34595CC91657742D00CA62E2 /* Other Frameworks */ = {
			isa = PBXGroup;
			children = (
				34595CCA1657742D00CA62E2 /* AppKit.framework */,
				34595CCB1657742D00CA62E2 /* CoreData.framework */,
				34595CCC1657742D00CA62E2 /* Foundation.framework */,
			);
			name = "Other Frameworks";
			sourceTree = "<group>";
		};
		34595CCD1657742D00CA62E2 /* Relaunch */ = {
			isa = PBXGroup;
			children = (
				34595CD91657742D00CA62E2 /* AppDelegate.h */,
				34595CDA1657742D00CA62E2 /* AppDelegate.m */,
				34595CDC1657742D00CA62E2 /* MainMenu.xib */,
				34595CCE1657742D00CA62E2 /* Supporting Files */,
			);
			path = Relaunch;
			sourceTree = "<group>";
		};
		34595CCE1657742D00CA62E2 /* Supporting Files */ = {
			isa = PBXGroup;
			children = (
				34595CCF1657742D00CA62E2 /* Relaunch-Info.plist */,
				34595CD01657742D00CA62E2 /* InfoPlist.strings */,
				34595CD31657742D00CA62E2 /* main.m */,
				34595CD51657742D00CA62E2 /* Relaunch-Prefix.pch */,
				34595CD61657742D00CA62E2 /* Credits.rtf */,
			);
			name = "Supporting Files";
			sourceTree = "<group>";
		};
/* End PBXGroup section */

/* Begin PBXNativeTarget section */
		34595CC21657742D00CA62E2 /* Relaunch */ = {
			isa = PBXNativeTarget;
			buildConfigurationList = 34595CE11657742D00CA62E2 /* Build configuration list for PBXNativeTarget "Relaunch" */;
			buildPhases = (
				34595CBF1657742D00CA62E2 /* Sources */,
				34595CC01657742D00CA62E2 /* Frameworks */,
				34595CC11657742D00CA62E2 /* Resources */,
			);
			buildRules = (
			);
			dependencies = (
			);
			name = Relaunch;
			productName = Relaunch;
			productReference = 34595CC31657742D00CA62E2 /* Relaunch.app */;
			productType = "com.apple.product-type.application";
		};
/* End PBXNativeTarget section */

/* Begin PBXProject section */
		34595CBA1657742D00CA62E2 /* Project object */ = {
			isa = PBXProject;
			attributes = {
				LastUpgradeCheck = 0430;
			};
			buildConfigurationList = 34595CBD1657742D00CA62E2 /* Build configuration list for PBXProject "Relaunch" */;
			compatibilityVersion = "Xcode 3.2";
			developmentRegion = English;
			hasScannedForEncodings = 0;
			knownRegions = (
				en,
			);
			mainGroup = 34595CB81657742D00CA62E2;
			productRefGroup = 34595CC41657742D00CA62E2 /* Products */;
			projectDirPath = "";
			projectRoot = "";
			targets = (
				34595CC21657742D00CA62E2 /* Relaunch */,
			);
		};
/* End PBXProject section */

/* Begin PBXResourcesBuildPhase section */
		34595CC11657742D00CA62E2 /* Resources */ = {
			isa = PBXResourcesBuildPhase;
			buildActionMask = 2147483647;
			files = (
				34595CD21657742D00CA62E2 /* InfoPlist.strings in Resources */,
				34595CD81657742D00CA62E2 /* Credits.rtf in Resources */,
				34595CDE1657742D00CA62E2 /* MainMenu.xib in Resources */,
			);
			runOnlyForDeploymentPostprocessing = 0;
		};
/* End PBXResourcesBuildPhase section */

/* Begin PBXSourcesBuildPhase section */
		34595CBF1657742D00CA62E2 /* Sources */ = {
			isa = PBXSourcesBuildPhase;
			buildActionMask = 2147483647;
			files = (
				34595CD41657742D00CA62E2 /* main.m in Sources */,
				34595CDB1657742D00CA62E2 /* AppDelegate.m in Sources */,
			);
			runOnlyForDeploymentPostprocessing = 0;
		};
/* End PBXSourcesBuildPhase section */

/* Begin PBXVariantGroup section */
		34595CD01657742D00CA62E2 /* InfoPlist.strings */ = {
			isa = PBXVariantGroup;
			children = (
				34595CD11657742D00CA62E2 /* en */,
			);
			name = InfoPlist.strings;
			sourceTree = "<group>";
		};
		34595CD61657742D00CA62E2 /* Credits.rtf */ = {
			isa = PBXVariantGroup;
			children = (
				34595CD71657742D00CA62E2 /* en */,
			);
			name = Credits.rtf;
			sourceTree = "<group>";
		};
		34595CDC1657742D00CA62E2 /* MainMenu.xib */ = {
			isa = PBXVariantGroup;
			children = (
				34595CDD1657742D00CA62E2 /* en */,
			);
			name = MainMenu.xib;
			sourceTree = "<group>";
		};
/* End PBXVariantGroup section */

/* Begin XCBuildConfiguration section */
		34595CDF1657742D00CA62E2 /* Debug */ = {
			isa = XCBuildConfiguration;
			buildSettings = {
				ALWAYS_SEARCH_USER_PATHS = NO;
				ARCHS = "$(ARCHS_STANDARD_64_BIT)";
				CLANG_ENABLE_OBJC_ARC = YES;
				COPY_PHASE_STRIP = NO;
				GCC_C_LANGUAGE_STANDARD = gnu99;
				GCC_DYNAMIC_NO_PIC = NO;
				GCC_ENABLE_OBJC_EXCEPTIONS = YES;
				GCC_OPTIMIZATION_LEVEL = 0;
				GCC_PREPROCESSOR_DEFINITIONS = (
					"DEBUG=1",
					"$(inherited)",
				);
				GCC_SYMBOLS_PRIVATE_EXTERN = NO;
				GCC_VERSION = com.apple.compilers.llvm.clang.1_0;
				GCC_WARN_64_TO_32_BIT_CONVERSION = YES;
				GCC_WARN_ABOUT_RETURN_TYPE = YES;
				GCC_WARN_UNINITIALIZED_AUTOS = YES;
				GCC_WARN_UNUSED_VARIABLE = YES;
				MACOSX_DEPLOYMENT_TARGET = 10.7;
				ONLY_ACTIVE_ARCH = YES;
				SDKROOT = macosx;
			};
			name = Debug;
		};
		34595CE01657742D00CA62E2 /* Release */ = {
			isa = XCBuildConfiguration;
			buildSettings = {
				ALWAYS_SEARCH_USER_PATHS = NO;
				ARCHS = "$(ARCHS_STANDARD_64_BIT)";
				CLANG_ENABLE_OBJC_ARC = YES;
				COPY_PHASE_STRIP = YES;
				DEBUG_INFORMATION_FORMAT = "dwarf-with-dsym";
				GCC_C_LANGUAGE_STANDARD = gnu99;
				GCC_ENABLE_OBJC_EXCEPTIONS = YES;
				GCC_VERSION = com.apple.compilers.llvm.clang.1_0;
				GCC_WARN_64_TO_32_BIT_CONVERSION = YES;
				GCC_WARN_ABOUT_RETURN_TYPE = YES;
				GCC_WARN_UNINITIALIZED_AUTOS = YES;
				GCC_WARN_UNUSED_VARIABLE = YES;
				MACOSX_DEPLOYMENT_TARGET = 10.7;
				SDKROOT = macosx;
			};
			name = Release;
		};
		34595CE21657742D00CA62E2 /* Debug */ = {
			isa = XCBuildConfiguration;
			buildSettings = {
				GCC_PRECOMPILE_PREFIX_HEADER = YES;
				GCC_PREFIX_HEADER = "Relaunch/Relaunch-Prefix.pch";
				INFOPLIST_FILE = "Relaunch/Relaunch-Info.plist";
				PRODUCT_NAME = "$(TARGET_NAME)";
				WRAPPER_EXTENSION = app;
			};
			name = Debug;
		};
		34595CE31657742D00CA62E2 /* Release */ = {
			isa = XCBuildConfiguration;
			buildSettings = {
				GCC_PRECOMPILE_PREFIX_HEADER = YES;
				GCC_PREFIX_HEADER = "Relaunch/Relaunch-Prefix.pch";
				INFOPLIST_FILE = "Relaunch/Relaunch-Info.plist";
				PRODUCT_NAME = "$(TARGET_NAME)";
				WRAPPER_EXTENSION = app;
			};
			name = Release;
		};
/* End XCBuildConfiguration section */

/* Begin XCConfigurationList section */
		34595CBD1657742D00CA62E2 /* Build configuration list for PBXProject "Relaunch" */ = {
			isa = XCConfigurationList;
			buildConfigurations = (
				34595CDF1657742D00CA62E2 /* Debug */,
				34595CE01657742D00CA62E2 /* Release */,
			);
			defaultConfigurationIsVisible = 0;
			defaultConfigurationName = Release;
		};
		34595CE11657742D00CA62E2 /* Build configuration list for PBXNativeTarget "Relaunch" */ = {
			isa = XCConfigurationList;
			buildConfigurations = (
				34595CE21657742D00CA62E2 /* Debug */,
				34595CE31657742D00CA62E2 /* Release */,
			);
			defaultConfigurationIsVisible = 0;
		};
/* End XCConfigurationList section */
	};
	rootObject = 34595CBA1657742D00CA62E2 /* Project object */;
}
