// !$*UTF8*$!
{
	archiveVersion = 1;
	classes = {
	};
	objectVersion = 46;
	objects = {

/* Begin PBXBuildFile section */
		344148F31D1F760700C8ECFC /* AppDelegate.m in Sources */ = {isa = PBXBuildFile; fileRef = 344148F21D1F760700C8ECFC /* AppDelegate.m */; };
		344148F61D1F760700C8ECFC /* main.m in Sources */ = {isa = PBXBuildFile; fileRef = 344148F51D1F760700C8ECFC /* main.m */; };
		344148F81D1F760700C8ECFC /* Assets.xcassets in Resources */ = {isa = PBXBuildFile; fileRef = 344148F71D1F760700C8ECFC /* Assets.xcassets */; };
		344148FB1D1F760700C8ECFC /* MainMenu.xib in Resources */ = {isa = PBXBuildFile; fileRef = 344148F91D1F760700C8ECFC /* MainMenu.xib */; };
/* End PBXBuildFile section */

/* Begin PBXFileReference section */
		344148EE1D1F760700C8ECFC /* EventTapDev.app */ = {isa = PBXFileReference; explicitFileType = wrapper.application; includeInIndex = 0; path = EventTapDev.app; sourceTree = BUILT_PRODUCTS_DIR; };
		344148F11D1F760700C8ECFC /* AppDelegate.h */ = {isa = PBXFileReference; lastKnownFileType = sourcecode.c.h; path = AppDelegate.h; sourceTree = "<group>"; };
		344148F21D1F760700C8ECFC /* AppDelegate.m */ = {isa = PBXFileReference; lastKnownFileType = sourcecode.c.objc; path = AppDelegate.m; sourceTree = "<group>"; };
		344148F51D1F760700C8ECFC /* main.m */ = {isa = PBXFileReference; lastKnownFileType = sourcecode.c.objc; path = main.m; sourceTree = "<group>"; };
		344148F71D1F760700C8ECFC /* Assets.xcassets */ = {isa = PBXFileReference; lastKnownFileType = folder.assetcatalog; path = Assets.xcassets; sourceTree = "<group>"; };
		344148FA1D1F760700C8ECFC /* Base */ = {isa = PBXFileReference; lastKnownFileType = file.xib; name = Base; path = Base.lproj/MainMenu.xib; sourceTree = "<group>"; };
		344148FC1D1F760700C8ECFC /* Info.plist */ = {isa = PBXFileReference; lastKnownFileType = text.plist.xml; path = Info.plist; sourceTree = "<group>"; };
/* End PBXFileReference section */

/* Begin PBXFrameworksBuildPhase section */
		344148EB1D1F760700C8ECFC /* Frameworks */ = {
			isa = PBXFrameworksBuildPhase;
			buildActionMask = 2147483647;
			files = (
			);
			runOnlyForDeploymentPostprocessing = 0;
		};
/* End PBXFrameworksBuildPhase section */

/* Begin PBXGroup section */
		344148E51D1F760700C8ECFC = {
			isa = PBXGroup;
			children = (
				344148F01D1F760700C8ECFC /* EventTapDev */,
				344148EF1D1F760700C8ECFC /* Products */,
			);
			sourceTree = "<group>";
		};
		344148EF1D1F760700C8ECFC /* Products */ = {
			isa = PBXGroup;
			children = (
				344148EE1D1F760700C8ECFC /* EventTapDev.app */,
			);
			name = Products;
			sourceTree = "<group>";
		};
		344148F01D1F760700C8ECFC /* EventTapDev */ = {
			isa = PBXGroup;
			children = (
				344148F11D1F760700C8ECFC /* AppDelegate.h */,
				344148F21D1F760700C8ECFC /* AppDelegate.m */,
				344148F71D1F760700C8ECFC /* Assets.xcassets */,
				344148F91D1F760700C8ECFC /* MainMenu.xib */,
				344148FC1D1F760700C8ECFC /* Info.plist */,
				344148F41D1F760700C8ECFC /* Supporting Files */,
			);
			path = EventTapDev;
			sourceTree = "<group>";
		};
		344148F41D1F760700C8ECFC /* Supporting Files */ = {
			isa = PBXGroup;
			children = (
				344148F51D1F760700C8ECFC /* main.m */,
			);
			name = "Supporting Files";
			sourceTree = "<group>";
		};
/* End PBXGroup section */

/* Begin PBXNativeTarget section */
		344148ED1D1F760700C8ECFC /* EventTapDev */ = {
			isa = PBXNativeTarget;
			buildConfigurationList = 344148FF1D1F760700C8ECFC /* Build configuration list for PBXNativeTarget "EventTapDev" */;
			buildPhases = (
				344148EA1D1F760700C8ECFC /* Sources */,
				344148EB1D1F760700C8ECFC /* Frameworks */,
				344148EC1D1F760700C8ECFC /* Resources */,
			);
			buildRules = (
			);
			dependencies = (
			);
			name = EventTapDev;
			productName = EventTapDev;
			productReference = 344148EE1D1F760700C8ECFC /* EventTapDev.app */;
			productType = "com.apple.product-type.application";
		};
/* End PBXNativeTarget section */

/* Begin PBXProject section */
		344148E61D1F760700C8ECFC /* Project object */ = {
			isa = PBXProject;
			attributes = {
				LastUpgradeCheck = 0730;
				TargetAttributes = {
					344148ED1D1F760700C8ECFC = {
						CreatedOnToolsVersion = 7.3.1;
					};
				};
			};
			buildConfigurationList = 344148E91D1F760700C8ECFC /* Build configuration list for PBXProject "EventTapDev" */;
			compatibilityVersion = "Xcode 3.2";
			developmentRegion = English;
			hasScannedForEncodings = 0;
			knownRegions = (
				en,
				Base,
			);
			mainGroup = 344148E51D1F760700C8ECFC;
			productRefGroup = 344148EF1D1F760700C8ECFC /* Products */;
			projectDirPath = "";
			projectRoot = "";
			targets = (
				344148ED1D1F760700C8ECFC /* EventTapDev */,
			);
		};
/* End PBXProject section */

/* Begin PBXResourcesBuildPhase section */
		344148EC1D1F760700C8ECFC /* Resources */ = {
			isa = PBXResourcesBuildPhase;
			buildActionMask = 2147483647;
			files = (
				344148F81D1F760700C8ECFC /* Assets.xcassets in Resources */,
				344148FB1D1F760700C8ECFC /* MainMenu.xib in Resources */,
			);
			runOnlyForDeploymentPostprocessing = 0;
		};
/* End PBXResourcesBuildPhase section */

/* Begin PBXSourcesBuildPhase section */
		344148EA1D1F760700C8ECFC /* Sources */ = {
			isa = PBXSourcesBuildPhase;
			buildActionMask = 2147483647;
			files = (
				344148F61D1F760700C8ECFC /* main.m in Sources */,
				344148F31D1F760700C8ECFC /* AppDelegate.m in Sources */,
			);
			runOnlyForDeploymentPostprocessing = 0;
		};
/* End PBXSourcesBuildPhase section */

/* Begin PBXVariantGroup section */
		344148F91D1F760700C8ECFC /* MainMenu.xib */ = {
			isa = PBXVariantGroup;
			children = (
				344148FA1D1F760700C8ECFC /* Base */,
			);
			name = MainMenu.xib;
			sourceTree = "<group>";
		};
/* End PBXVariantGroup section */

/* Begin XCBuildConfiguration section */
		344148FD1D1F760700C8ECFC /* Debug */ = {
			isa = XCBuildConfiguration;
			buildSettings = {
				ALWAYS_SEARCH_USER_PATHS = NO;
				CLANG_ANALYZER_NONNULL = YES;
				CLANG_CXX_LANGUAGE_STANDARD = "gnu++0x";
				CLANG_CXX_LIBRARY = "libc++";
				CLANG_ENABLE_MODULES = YES;
				CLANG_ENABLE_OBJC_ARC = YES;
				CLANG_WARN_BOOL_CONVERSION = YES;
				CLANG_WARN_CONSTANT_CONVERSION = YES;
				CLANG_WARN_DIRECT_OBJC_ISA_USAGE = YES_ERROR;
				CLANG_WARN_EMPTY_BODY = YES;
				CLANG_WARN_ENUM_CONVERSION = YES;
				CLANG_WARN_INT_CONVERSION = YES;
				CLANG_WARN_OBJC_ROOT_CLASS = YES_ERROR;
				CLANG_WARN_UNREACHABLE_CODE = YES;
				CLANG_WARN__DUPLICATE_METHOD_MATCH = YES;
				CODE_SIGN_IDENTITY = "-";
				COPY_PHASE_STRIP = NO;
				DEBUG_INFORMATION_FORMAT = dwarf;
				ENABLE_STRICT_OBJC_MSGSEND = YES;
				ENABLE_TESTABILITY = YES;
				GCC_C_LANGUAGE_STANDARD = gnu99;
				GCC_DYNAMIC_NO_PIC = NO;
				GCC_NO_COMMON_BLOCKS = YES;
				GCC_OPTIMIZATION_LEVEL = 0;
				GCC_PREPROCESSOR_DEFINITIONS = (
					"DEBUG=1",
					"$(inherited)",
				);
				GCC_WARN_64_TO_32_BIT_CONVERSION = YES;
				GCC_WARN_ABOUT_RETURN_TYPE = YES_ERROR;
				GCC_WARN_UNDECLARED_SELECTOR = YES;
				GCC_WARN_UNINITIALIZED_AUTOS = YES_AGGRESSIVE;
				GCC_WARN_UNUSED_FUNCTION = YES;
				GCC_WARN_UNUSED_VARIABLE = YES;
				MACOSX_DEPLOYMENT_TARGET = 10.11;
				MTL_ENABLE_DEBUG_INFO = YES;
				ONLY_ACTIVE_ARCH = YES;
				SDKROOT = macosx;
			};
			name = Debug;
		};
		344148FE1D1F760700C8ECFC /* Release */ = {
			isa = XCBuildConfiguration;
			buildSettings = {
				ALWAYS_SEARCH_USER_PATHS = NO;
				CLANG_ANALYZER_NONNULL = YES;
				CLANG_CXX_LANGUAGE_STANDARD = "gnu++0x";
				CLANG_CXX_LIBRARY = "libc++";
				CLANG_ENABLE_MODULES = YES;
				CLANG_ENABLE_OBJC_ARC = YES;
				CLANG_WARN_BOOL_CONVERSION = YES;
				CLANG_WARN_CONSTANT_CONVERSION = YES;
				CLANG_WARN_DIRECT_OBJC_ISA_USAGE = YES_ERROR;
				CLANG_WARN_EMPTY_BODY = YES;
				CLANG_WARN_ENUM_CONVERSION = YES;
				CLANG_WARN_INT_CONVERSION = YES;
				CLANG_WARN_OBJC_ROOT_CLASS = YES_ERROR;
				CLANG_WARN_UNREACHABLE_CODE = YES;
				CLANG_WARN__DUPLICATE_METHOD_MATCH = YES;
				CODE_SIGN_IDENTITY = "-";
				COPY_PHASE_STRIP = NO;
				DEBUG_INFORMATION_FORMAT = "dwarf-with-dsym";
				ENABLE_NS_ASSERTIONS = NO;
				ENABLE_STRICT_OBJC_MSGSEND = YES;
				GCC_C_LANGUAGE_STANDARD = gnu99;
				GCC_NO_COMMON_BLOCKS = YES;
				GCC_WARN_64_TO_32_BIT_CONVERSION = YES;
				GCC_WARN_ABOUT_RETURN_TYPE = YES_ERROR;
				GCC_WARN_UNDECLARED_SELECTOR = YES;
				GCC_WARN_UNINITIALIZED_AUTOS = YES_AGGRESSIVE;
				GCC_WARN_UNUSED_FUNCTION = YES;
				GCC_WARN_UNUSED_VARIABLE = YES;
				MACOSX_DEPLOYMENT_TARGET = 10.11;
				MTL_ENABLE_DEBUG_INFO = NO;
				SDKROOT = macosx;
			};
			name = Release;
		};
		344149001D1F760700C8ECFC /* Debug */ = {
			isa = XCBuildConfiguration;
			buildSettings = {
				ASSETCATALOG_COMPILER_APPICON_NAME = AppIcon;
				COMBINE_HIDPI_IMAGES = YES;
				INFOPLIST_FILE = EventTapDev/Info.plist;
				LD_RUNPATH_SEARCH_PATHS = "$(inherited) @executable_path/../Frameworks";
				PRODUCT_BUNDLE_IDENTIFIER = org.pqrs.EventTapDev;
				PRODUCT_NAME = "$(TARGET_NAME)";
			};
			name = Debug;
		};
		344149011D1F760700C8ECFC /* Release */ = {
			isa = XCBuildConfiguration;
			buildSettings = {
				ASSETCATALOG_COMPILER_APPICON_NAME = AppIcon;
				COMBINE_HIDPI_IMAGES = YES;
				INFOPLIST_FILE = EventTapDev/Info.plist;
				LD_RUNPATH_SEARCH_PATHS = "$(inherited) @executable_path/../Frameworks";
				PRODUCT_BUNDLE_IDENTIFIER = org.pqrs.EventTapDev;
				PRODUCT_NAME = "$(TARGET_NAME)";
			};
			name = Release;
		};
/* End XCBuildConfiguration section */

/* Begin XCConfigurationList section */
		344148E91D1F760700C8ECFC /* Build configuration list for PBXProject "EventTapDev" */ = {
			isa = XCConfigurationList;
			buildConfigurations = (
				344148FD1D1F760700C8ECFC /* Debug */,
				344148FE1D1F760700C8ECFC /* Release */,
			);
			defaultConfigurationIsVisible = 0;
			defaultConfigurationName = Release;
		};
		344148FF1D1F760700C8ECFC /* Build configuration list for PBXNativeTarget "EventTapDev" */ = {
			isa = XCConfigurationList;
			buildConfigurations = (
				344149001D1F760700C8ECFC /* Debug */,
				344149011D1F760700C8ECFC /* Release */,
			);
			defaultConfigurationIsVisible = 0;
		};
/* End XCConfigurationList section */
	};
	rootObject = 344148E61D1F760700C8ECFC /* Project object */;
}
