// !$*UTF8*$!
{
	archiveVersion = 1;
	classes = {
	};
	objectVersion = 46;
	objects = {

/* Begin PBXBuildFile section */
		34D15259136A32FA00BF2CD2 /* Cocoa.framework in Frameworks */ = {isa = PBXBuildFile; fileRef = 34D15258136A32FA00BF2CD2 /* Cocoa.framework */; };
		34D15263136A32FA00BF2CD2 /* InfoPlist.strings in Resources */ = {isa = PBXBuildFile; fileRef = 34D15261136A32FA00BF2CD2 /* InfoPlist.strings */; };
		34D15266136A32FA00BF2CD2 /* main.m in Sources */ = {isa = PBXBuildFile; fileRef = 34D15265136A32FA00BF2CD2 /* main.m */; };
		34D15269136A32FA00BF2CD2 /* Credits.rtf in Resources */ = {isa = PBXBuildFile; fileRef = 34D15267136A32FA00BF2CD2 /* Credits.rtf */; };
		34D1526C136A32FA00BF2CD2 /* pseudoAppDelegate.m in Sources */ = {isa = PBXBuildFile; fileRef = 34D1526B136A32FA00BF2CD2 /* pseudoAppDelegate.m */; };
		34D1526F136A32FA00BF2CD2 /* MainMenu.xib in Resources */ = {isa = PBXBuildFile; fileRef = 34D1526D136A32FA00BF2CD2 /* MainMenu.xib */; };
/* End PBXBuildFile section */

/* Begin PBXFileReference section */
		34D15254136A32F900BF2CD2 /* pseudo.app */ = {isa = PBXFileReference; explicitFileType = wrapper.application; includeInIndex = 0; path = pseudo.app; sourceTree = BUILT_PRODUCTS_DIR; };
		34D15258136A32FA00BF2CD2 /* Cocoa.framework */ = {isa = PBXFileReference; lastKnownFileType = wrapper.framework; name = Cocoa.framework; path = System/Library/Frameworks/Cocoa.framework; sourceTree = SDKROOT; };
		34D1525B136A32FA00BF2CD2 /* AppKit.framework */ = {isa = PBXFileReference; lastKnownFileType = wrapper.framework; name = AppKit.framework; path = System/Library/Frameworks/AppKit.framework; sourceTree = SDKROOT; };
		34D1525C136A32FA00BF2CD2 /* CoreData.framework */ = {isa = PBXFileReference; lastKnownFileType = wrapper.framework; name = CoreData.framework; path = System/Library/Frameworks/CoreData.framework; sourceTree = SDKROOT; };
		34D1525D136A32FA00BF2CD2 /* Foundation.framework */ = {isa = PBXFileReference; lastKnownFileType = wrapper.framework; name = Foundation.framework; path = System/Library/Frameworks/Foundation.framework; sourceTree = SDKROOT; };
		34D15260136A32FA00BF2CD2 /* pseudo-Info.plist */ = {isa = PBXFileReference; lastKnownFileType = text.plist.xml; path = "pseudo-Info.plist"; sourceTree = "<group>"; };
		34D15262136A32FA00BF2CD2 /* en */ = {isa = PBXFileReference; lastKnownFileType = text.plist.strings; name = en; path = en.lproj/InfoPlist.strings; sourceTree = "<group>"; };
		34D15264136A32FA00BF2CD2 /* pseudo-Prefix.pch */ = {isa = PBXFileReference; lastKnownFileType = sourcecode.c.h; path = "pseudo-Prefix.pch"; sourceTree = "<group>"; };
		34D15265136A32FA00BF2CD2 /* main.m */ = {isa = PBXFileReference; lastKnownFileType = sourcecode.c.objc; path = main.m; sourceTree = "<group>"; };
		34D15268136A32FA00BF2CD2 /* en */ = {isa = PBXFileReference; lastKnownFileType = text.rtf; name = en; path = en.lproj/Credits.rtf; sourceTree = "<group>"; };
		34D1526A136A32FA00BF2CD2 /* pseudoAppDelegate.h */ = {isa = PBXFileReference; lastKnownFileType = sourcecode.c.h; path = pseudoAppDelegate.h; sourceTree = "<group>"; };
		34D1526B136A32FA00BF2CD2 /* pseudoAppDelegate.m */ = {isa = PBXFileReference; lastKnownFileType = sourcecode.c.objc; path = pseudoAppDelegate.m; sourceTree = "<group>"; };
		34D1526E136A32FA00BF2CD2 /* en */ = {isa = PBXFileReference; lastKnownFileType = file.xib; name = en; path = en.lproj/MainMenu.xib; sourceTree = "<group>"; };
/* End PBXFileReference section */

/* Begin PBXFrameworksBuildPhase section */
		34D15251136A32F900BF2CD2 /* Frameworks */ = {
			isa = PBXFrameworksBuildPhase;
			buildActionMask = 2147483647;
			files = (
				34D15259136A32FA00BF2CD2 /* Cocoa.framework in Frameworks */,
			);
			runOnlyForDeploymentPostprocessing = 0;
		};
/* End PBXFrameworksBuildPhase section */

/* Begin PBXGroup section */
		34D15249136A32F900BF2CD2 = {
			isa = PBXGroup;
			children = (
				34D1525E136A32FA00BF2CD2 /* pseudo */,
				34D15257136A32FA00BF2CD2 /* Frameworks */,
				34D15255136A32F900BF2CD2 /* Products */,
			);
			sourceTree = "<group>";
		};
		34D15255136A32F900BF2CD2 /* Products */ = {
			isa = PBXGroup;
			children = (
				34D15254136A32F900BF2CD2 /* pseudo.app */,
			);
			name = Products;
			sourceTree = "<group>";
		};
		34D15257136A32FA00BF2CD2 /* Frameworks */ = {
			isa = PBXGroup;
			children = (
				34D15258136A32FA00BF2CD2 /* Cocoa.framework */,
				34D1525A136A32FA00BF2CD2 /* Other Frameworks */,
			);
			name = Frameworks;
			sourceTree = "<group>";
		};
		34D1525A136A32FA00BF2CD2 /* Other Frameworks */ = {
			isa = PBXGroup;
			children = (
				34D1525B136A32FA00BF2CD2 /* AppKit.framework */,
				34D1525C136A32FA00BF2CD2 /* CoreData.framework */,
				34D1525D136A32FA00BF2CD2 /* Foundation.framework */,
			);
			name = "Other Frameworks";
			sourceTree = "<group>";
		};
		34D1525E136A32FA00BF2CD2 /* pseudo */ = {
			isa = PBXGroup;
			children = (
				34D1526A136A32FA00BF2CD2 /* pseudoAppDelegate.h */,
				34D1526B136A32FA00BF2CD2 /* pseudoAppDelegate.m */,
				34D1526D136A32FA00BF2CD2 /* MainMenu.xib */,
				34D1525F136A32FA00BF2CD2 /* Supporting Files */,
			);
			path = pseudo;
			sourceTree = "<group>";
		};
		34D1525F136A32FA00BF2CD2 /* Supporting Files */ = {
			isa = PBXGroup;
			children = (
				34D15260136A32FA00BF2CD2 /* pseudo-Info.plist */,
				34D15261136A32FA00BF2CD2 /* InfoPlist.strings */,
				34D15264136A32FA00BF2CD2 /* pseudo-Prefix.pch */,
				34D15265136A32FA00BF2CD2 /* main.m */,
				34D15267136A32FA00BF2CD2 /* Credits.rtf */,
			);
			name = "Supporting Files";
			sourceTree = "<group>";
		};
/* End PBXGroup section */

/* Begin PBXNativeTarget section */
		34D15253136A32F900BF2CD2 /* pseudo */ = {
			isa = PBXNativeTarget;
			buildConfigurationList = 34D15286136A32FA00BF2CD2 /* Build configuration list for PBXNativeTarget "pseudo" */;
			buildPhases = (
				34D15250136A32F900BF2CD2 /* Sources */,
				34D15251136A32F900BF2CD2 /* Frameworks */,
				34D15252136A32F900BF2CD2 /* Resources */,
			);
			buildRules = (
			);
			dependencies = (
			);
			name = pseudo;
			productName = pseudo;
			productReference = 34D15254136A32F900BF2CD2 /* pseudo.app */;
			productType = "com.apple.product-type.application";
		};
/* End PBXNativeTarget section */

/* Begin PBXProject section */
		34D1524B136A32F900BF2CD2 /* Project object */ = {
			isa = PBXProject;
			attributes = {
				LastUpgradeCheck = 0730;
			};
			buildConfigurationList = 34D1524E136A32F900BF2CD2 /* Build configuration list for PBXProject "pseudo" */;
			compatibilityVersion = "Xcode 3.2";
			developmentRegion = English;
			hasScannedForEncodings = 0;
			knownRegions = (
				en,
			);
			mainGroup = 34D15249136A32F900BF2CD2;
			productRefGroup = 34D15255136A32F900BF2CD2 /* Products */;
			projectDirPath = "";
			projectRoot = "";
			targets = (
				34D15253136A32F900BF2CD2 /* pseudo */,
			);
		};
/* End PBXProject section */

/* Begin PBXResourcesBuildPhase section */
		34D15252136A32F900BF2CD2 /* Resources */ = {
			isa = PBXResourcesBuildPhase;
			buildActionMask = 2147483647;
			files = (
				34D15263136A32FA00BF2CD2 /* InfoPlist.strings in Resources */,
				34D15269136A32FA00BF2CD2 /* Credits.rtf in Resources */,
				34D1526F136A32FA00BF2CD2 /* MainMenu.xib in Resources */,
			);
			runOnlyForDeploymentPostprocessing = 0;
		};
/* End PBXResourcesBuildPhase section */

/* Begin PBXSourcesBuildPhase section */
		34D15250136A32F900BF2CD2 /* Sources */ = {
			isa = PBXSourcesBuildPhase;
			buildActionMask = 2147483647;
			files = (
				34D15266136A32FA00BF2CD2 /* main.m in Sources */,
				34D1526C136A32FA00BF2CD2 /* pseudoAppDelegate.m in Sources */,
			);
			runOnlyForDeploymentPostprocessing = 0;
		};
/* End PBXSourcesBuildPhase section */

/* Begin PBXVariantGroup section */
		34D15261136A32FA00BF2CD2 /* InfoPlist.strings */ = {
			isa = PBXVariantGroup;
			children = (
				34D15262136A32FA00BF2CD2 /* en */,
			);
			name = InfoPlist.strings;
			sourceTree = "<group>";
		};
		34D15267136A32FA00BF2CD2 /* Credits.rtf */ = {
			isa = PBXVariantGroup;
			children = (
				34D15268136A32FA00BF2CD2 /* en */,
			);
			name = Credits.rtf;
			sourceTree = "<group>";
		};
		34D1526D136A32FA00BF2CD2 /* MainMenu.xib */ = {
			isa = PBXVariantGroup;
			children = (
				34D1526E136A32FA00BF2CD2 /* en */,
			);
			name = MainMenu.xib;
			sourceTree = "<group>";
		};
/* End PBXVariantGroup section */

/* Begin XCBuildConfiguration section */
		34D15284136A32FA00BF2CD2 /* Debug */ = {
			isa = XCBuildConfiguration;
			buildSettings = {
				CLANG_WARN_BOOL_CONVERSION = YES;
				CLANG_WARN_CONSTANT_CONVERSION = YES;
				CLANG_WARN_EMPTY_BODY = YES;
				CLANG_WARN_ENUM_CONVERSION = YES;
				CLANG_WARN_INT_CONVERSION = YES;
				CLANG_WARN_UNREACHABLE_CODE = YES;
				CLANG_WARN__DUPLICATE_METHOD_MATCH = YES;
				ENABLE_STRICT_OBJC_MSGSEND = YES;
				ENABLE_TESTABILITY = YES;
				GCC_C_LANGUAGE_STANDARD = gnu99;
				GCC_NO_COMMON_BLOCKS = YES;
				GCC_OPTIMIZATION_LEVEL = 0;
				GCC_PREPROCESSOR_DEFINITIONS = DEBUG;
				GCC_SYMBOLS_PRIVATE_EXTERN = NO;
				GCC_VERSION = com.apple.compilers.llvm.clang.1_0;
				GCC_WARN_64_TO_32_BIT_CONVERSION = YES;
				GCC_WARN_ABOUT_RETURN_TYPE = YES;
				GCC_WARN_UNDECLARED_SELECTOR = YES;
				GCC_WARN_UNINITIALIZED_AUTOS = YES;
				GCC_WARN_UNUSED_FUNCTION = YES;
				GCC_WARN_UNUSED_VARIABLE = YES;
				MACOSX_DEPLOYMENT_TARGET = 10.6;
				ONLY_ACTIVE_ARCH = YES;
			};
			name = Debug;
		};
		34D15285136A32FA00BF2CD2 /* Release */ = {
			isa = XCBuildConfiguration;
			buildSettings = {
				CLANG_WARN_BOOL_CONVERSION = YES;
				CLANG_WARN_CONSTANT_CONVERSION = YES;
				CLANG_WARN_EMPTY_BODY = YES;
				CLANG_WARN_ENUM_CONVERSION = YES;
				CLANG_WARN_INT_CONVERSION = YES;
				CLANG_WARN_UNREACHABLE_CODE = YES;
				CLANG_WARN__DUPLICATE_METHOD_MATCH = YES;
				ENABLE_STRICT_OBJC_MSGSEND = YES;
				GCC_C_LANGUAGE_STANDARD = gnu99;
				GCC_NO_COMMON_BLOCKS = YES;
				GCC_VERSION = com.apple.compilers.llvm.clang.1_0;
				GCC_WARN_64_TO_32_BIT_CONVERSION = YES;
				GCC_WARN_ABOUT_RETURN_TYPE = YES;
				GCC_WARN_UNDECLARED_SELECTOR = YES;
				GCC_WARN_UNINITIALIZED_AUTOS = YES;
				GCC_WARN_UNUSED_FUNCTION = YES;
				GCC_WARN_UNUSED_VARIABLE = YES;
				MACOSX_DEPLOYMENT_TARGET = 10.6;
			};
			name = Release;
		};
		34D15287136A32FA00BF2CD2 /* Debug */ = {
			isa = XCBuildConfiguration;
			buildSettings = {
				ALWAYS_SEARCH_USER_PATHS = NO;
				COMBINE_HIDPI_IMAGES = YES;
				COPY_PHASE_STRIP = NO;
				GCC_DYNAMIC_NO_PIC = NO;
				GCC_ENABLE_OBJC_EXCEPTIONS = YES;
				GCC_PRECOMPILE_PREFIX_HEADER = YES;
				GCC_PREFIX_HEADER = "pseudo/pseudo-Prefix.pch";
				INFOPLIST_FILE = "pseudo/pseudo-Info.plist";
				PRODUCT_BUNDLE_IDENTIFIER = "org.pqrs.${PRODUCT_NAME:rfc1034identifier}";
				PRODUCT_NAME = "$(TARGET_NAME)";
				WRAPPER_EXTENSION = app;
			};
			name = Debug;
		};
		34D15288136A32FA00BF2CD2 /* Release */ = {
			isa = XCBuildConfiguration;
			buildSettings = {
				ALWAYS_SEARCH_USER_PATHS = NO;
				COMBINE_HIDPI_IMAGES = YES;
				COPY_PHASE_STRIP = YES;
				DEBUG_INFORMATION_FORMAT = "dwarf-with-dsym";
				GCC_ENABLE_OBJC_EXCEPTIONS = YES;
				GCC_PRECOMPILE_PREFIX_HEADER = YES;
				GCC_PREFIX_HEADER = "pseudo/pseudo-Prefix.pch";
				INFOPLIST_FILE = "pseudo/pseudo-Info.plist";
				PRODUCT_BUNDLE_IDENTIFIER = "org.pqrs.${PRODUCT_NAME:rfc1034identifier}";
				PRODUCT_NAME = "$(TARGET_NAME)";
				WRAPPER_EXTENSION = app;
			};
			name = Release;
		};
/* End XCBuildConfiguration section */

/* Begin XCConfigurationList section */
		34D1524E136A32F900BF2CD2 /* Build configuration list for PBXProject "pseudo" */ = {
			isa = XCConfigurationList;
			buildConfigurations = (
				34D15284136A32FA00BF2CD2 /* Debug */,
				34D15285136A32FA00BF2CD2 /* Release */,
			);
			defaultConfigurationIsVisible = 0;
			defaultConfigurationName = Release;
		};
		34D15286136A32FA00BF2CD2 /* Build configuration list for PBXNativeTarget "pseudo" */ = {
			isa = XCConfigurationList;
			buildConfigurations = (
				34D15287136A32FA00BF2CD2 /* Debug */,
				34D15288136A32FA00BF2CD2 /* Release */,
			);
			defaultConfigurationIsVisible = 0;
			defaultConfigurationName = Release;
		};
/* End XCConfigurationList section */
	};
	rootObject = 34D1524B136A32F900BF2CD2 /* Project object */;
}
